
Microsoft Visual Studio Solution File, Format Version 12.00
# Visual Studio 2013
VisualStudioVersion = 12.0.31101.0
MinimumVisualStudioVersion = 10.0.40219.1
Project("{2150E333-8FDC-42A3-9474-1A3956D46DE8}") = "كلام جرايد", "كلام جرايد", "{BBC6DB9B-03A5-4E1B-AFB3-869C4C2C7716}"
EndProject
Project("{D954291E-2A0B-460D-934E-DC6B0785DB48}") = "كلام جرايد.Shared", "كلام جرايد\كلام جرايد.Shared\كلام جرايد.Shared.shproj", "{634CC5F8-7577-47C1-9D5C-8B5571F65F81}"
EndProject
Project("{FAE04EC0-301F-11D3-BF4B-00C04F79EFBC}") = "كلام جرايد.Windows", "كلام جرايد\كلام جرايد.Windows\كلام جرايد.Windows.csproj", "{6FE4127B-FD4A-470C-BDD7-6F1B185BE77A}"
EndProject
Project("{FAE04EC0-301F-11D3-BF4B-00C04F79EFBC}") = "كلام جرايد.WindowsPhone", "كلام جرايد\كلام جرايد.WindowsPhone\كلام جرايد.WindowsPhone.csproj", "{028DB5FA-2C66-4948-A396-CFBD1E79C30A}"
EndProject
Global
	GlobalSection(SharedMSBuildProjectFiles) = preSolution
		كلام جرايد\كلام جرايد.Shared\كلام جرايد.Shared.projitems*{634cc5f8-7577-47c1-9d5c-8b5571f65f81}*SharedItemsImports = 13
		كلام جرايد\كلام جرايد.Shared\كلام جرايد.Shared.projitems*{028db5fa-2c66-4948-a396-cfbd1e79c30a}*SharedItemsImports = 4
		كلام جرايد\كلام جرايد.Shared\كلام جرايد.Shared.projitems*{6fe4127b-fd4a-470c-bdd7-6f1b185be77a}*SharedItemsImports = 4
	EndGlobalSection
	GlobalSection(SolutionConfigurationPlatforms) = preSolution
		Debug|Any CPU = Debug|Any CPU
		Debug|ARM = Debug|ARM
		Debug|x64 = Debug|x64
		Debug|x86 = Debug|x86
		Release|Any CPU = Release|Any CPU
		Release|ARM = Release|ARM
		Release|x64 = Release|x64
		Release|x86 = Release|x86
	EndGlobalSection
	GlobalSection(ProjectConfigurationPlatforms) = postSolution
		{6FE4127B-FD4A-470C-BDD7-6F1B185BE77A}.Debug|Any CPU.ActiveCfg = Debug|Any CPU
		{6FE4127B-FD4A-470C-BDD7-6F1B185BE77A}.Debug|Any CPU.Build.0 = Debug|Any CPU
		{6FE4127B-FD4A-470C-BDD7-6F1B185BE77A}.Debug|Any CPU.Deploy.0 = Debug|Any CPU
		{6FE4127B-FD4A-470C-BDD7-6F1B185BE77A}.Debug|ARM.ActiveCfg = Debug|ARM
		{6FE4127B-FD4A-470C-BDD7-6F1B185BE77A}.Debug|ARM.Build.0 = Debug|ARM
		{6FE4127B-FD4A-470C-BDD7-6F1B185BE77A}.Debug|ARM.Deploy.0 = Debug|ARM
		{6FE4127B-FD4A-470C-BDD7-6F1B185BE77A}.Debug|x64.ActiveCfg = Debug|x64
		{6FE4127B-FD4A-470C-BDD7-6F1B185BE77A}.Debug|x64.Build.0 = Debug|x64
		{6FE4127B-FD4A-470C-BDD7-6F1B185BE77A}.Debug|x64.Deploy.0 = Debug|x64
		{6FE4127B-FD4A-470C-BDD7-6F1B185BE77A}.Debug|x86.ActiveCfg = Debug|x86
		{6FE4127B-FD4A-470C-BDD7-6F1B185BE77A}.Debug|x86.Build.0 = Debug|x86
		{6FE4127B-FD4A-470C-BDD7-6F1B185BE77A}.Debug|x86.Deploy.0 = Debug|x86
		{6FE4127B-FD4A-470C-BDD7-6F1B185BE77A}.Release|Any CPU.ActiveCfg = Release|Any CPU
		{6FE4127B-FD4A-470C-BDD7-6F1B185BE77A}.Release|Any CPU.Build.0 = Release|Any CPU
		{6FE4127B-FD4A-470C-BDD7-6F1B185BE77A}.Release|Any CPU.Deploy.0 = Release|Any CPU
		{6FE4127B-FD4A-470C-BDD7-6F1B185BE77A}.Release|ARM.ActiveCfg = Release|ARM
		{6FE4127B-FD4A-470C-BDD7-6F1B185BE77A}.Release|ARM.Build.0 = Release|ARM
		{6FE4127B-FD4A-470C-BDD7-6F1B185BE77A}.Release|ARM.Deploy.0 = Release|ARM
		{6FE4127B-FD4A-470C-BDD7-6F1B185BE77A}.Release|x64.ActiveCfg = Release|x64
		{6FE4127B-FD4A-470C-BDD7-6F1B185BE77A}.Release|x64.Build.0 = Release|x64
		{6FE4127B-FD4A-470C-BDD7-6F1B185BE77A}.Release|x64.Deploy.0 = Release|x64
		{6FE4127B-FD4A-470C-BDD7-6F1B185BE77A}.Release|x86.ActiveCfg = Release|x86
		{6FE4127B-FD4A-470C-BDD7-6F1B185BE77A}.Release|x86.Build.0 = Release|x86
		{6FE4127B-FD4A-470C-BDD7-6F1B185BE77A}.Release|x86.Deploy.0 = Release|x86
		{028DB5FA-2C66-4948-A396-CFBD1E79C30A}.Debug|Any CPU.ActiveCfg = Debug|Any CPU
		{028DB5FA-2C66-4948-A396-CFBD1E79C30A}.Debug|Any CPU.Build.0 = Debug|Any CPU
		{028DB5FA-2C66-4948-A396-CFBD1E79C30A}.Debug|Any CPU.Deploy.0 = Debug|Any CPU
		{028DB5FA-2C66-4948-A396-CFBD1E79C30A}.Debug|ARM.ActiveCfg = Debug|ARM
		{028DB5FA-2C66-4948-A396-CFBD1E79C30A}.Debug|ARM.Build.0 = Debug|ARM
		{028DB5FA-2C66-4948-A396-CFBD1E79C30A}.Debug|ARM.Deploy.0 = Debug|ARM
		{028DB5FA-2C66-4948-A396-CFBD1E79C30A}.Debug|x64.ActiveCfg = Debug|Any CPU
		{028DB5FA-2C66-4948-A396-CFBD1E79C30A}.Debug|x86.ActiveCfg = Debug|x86
		{028DB5FA-2C66-4948-A396-CFBD1E79C30A}.Debug|x86.Build.0 = Debug|x86
		{028DB5FA-2C66-4948-A396-CFBD1E79C30A}.Debug|x86.Deploy.0 = Debug|x86
		{028DB5FA-2C66-4948-A396-CFBD1E79C30A}.Release|Any CPU.ActiveCfg = Release|Any CPU
		{028DB5FA-2C66-4948-A396-CFBD1E79C30A}.Release|Any CPU.Build.0 = Release|Any CPU
		{028DB5FA-2C66-4948-A396-CFBD1E79C30A}.Release|Any CPU.Deploy.0 = Release|Any CPU
		{028DB5FA-2C66-4948-A396-CFBD1E79C30A}.Release|ARM.ActiveCfg = Release|ARM
		{028DB5FA-2C66-4948-A396-CFBD1E79C30A}.Release|ARM.Build.0 = Release|ARM
		{028DB5FA-2C66-4948-A396-CFBD1E79C30A}.Release|ARM.Deploy.0 = Release|ARM
		{028DB5FA-2C66-4948-A396-CFBD1E79C30A}.Release|x64.ActiveCfg = Release|Any CPU
		{028DB5FA-2C66-4948-A396-CFBD1E79C30A}.Release|x86.ActiveCfg = Release|x86
		{028DB5FA-2C66-4948-A396-CFBD1E79C30A}.Release|x86.Build.0 = Release|x86
		{028DB5FA-2C66-4948-A396-CFBD1E79C30A}.Release|x86.Deploy.0 = Release|x86
	EndGlobalSection
	GlobalSection(SolutionProperties) = preSolution
		HideSolutionNode = FALSE
	EndGlobalSection
	GlobalSection(NestedProjects) = preSolution
		{634CC5F8-7577-47C1-9D5C-8B5571F65F81} = {BBC6DB9B-03A5-4E1B-AFB3-869C4C2C7716}
		{6FE4127B-FD4A-470C-BDD7-6F1B185BE77A} = {BBC6DB9B-03A5-4E1B-AFB3-869C4C2C7716}
		{028DB5FA-2C66-4948-A396-CFBD1E79C30A} = {BBC6DB9B-03A5-4E1B-AFB3-869C4C2C7716}
	EndGlobalSection
EndGlobal
